
Microsoft Visual Studio Solution File, Format Version 12.00
# Visual Studio Version 16
VisualStudioVersion = 16.0.31424.327
MinimumVisualStudioVersion = 10.0.40219.1
Project("{FAE04EC0-301F-11D3-BF4B-00C04F79EFBC}") = "SquaredRandoms", "SquaredRandoms.csproj", "{337EA2A5-394C-48C1-AEB1-BE1C71FD54CB}"
EndProject
Global
	GlobalSection(SolutionConfigurationPlatforms) = preSolution
		Debug|Any CPU = Debug|Any CPU
		Release|Any CPU = Release|Any CPU
	EndGlobalSection
	GlobalSection(ProjectConfigurationPlatforms) = postSolution
		{337EA2A5-394C-48C1-AEB1-BE1C71FD54CB}.Debug|Any CPU.ActiveCfg = Debug|Any CPU
		{337EA2A5-394C-48C1-AEB1-BE1C71FD54CB}.Debug|Any CPU.Build.0 = Debug|Any CPU
		{337EA2A5-394C-48C1-AEB1-BE1C71FD54CB}.Release|Any CPU.ActiveCfg = Release|Any CPU
		{337EA2A5-394C-48C1-AEB1-BE1C71FD54CB}.Release|Any CPU.Build.0 = Release|Any CPU
	EndGlobalSection
	GlobalSection(SolutionProperties) = preSolution
		HideSolutionNode = FALSE
	EndGlobalSection
	GlobalSection(ExtensibilityGlobals) = postSolution
		SolutionGuid = {8C6CC861-40F6-4753-8125-FE20BA0E1C38}
	EndGlobalSection
EndGlobal
